
Microsoft Visual Studio Solution File, Format Version 12.00
# Visual Studio Version 16
VisualStudioVersion = 16.0.29709.97
MinimumVisualStudioVersion = 10.0.40219.1
Project("{9A19103F-16F7-4668-BE54-9A1E7A4F7556}") = "ContactBook.API", "ContactBook\ContactBook.API.csproj", "{EEB77C04-4BD6-433D-9F6A-2ED4F96D44AB}"
EndProject
Project("{FAE04EC0-301F-11D3-BF4B-00C04F79EFBC}") = "ContactBook.Domain", "ContactBook.Domain\ContactBook.Domain.csproj", "{8F065DCA-819F-43D9-B1AE-CB9185BB979A}"
EndProject
Project("{FAE04EC0-301F-11D3-BF4B-00C04F79EFBC}") = "ContactBook.Services", "ContactBook.Services\ContactBook.Services.csproj", "{795A1945-C826-4D9C-9C64-C6FD6327FFD3}"
EndProject
Global
	GlobalSection(SolutionConfigurationPlatforms) = preSolution
		Debug|Any CPU = Debug|Any CPU
		Release|Any CPU = Release|Any CPU
	EndGlobalSection
	GlobalSection(ProjectConfigurationPlatforms) = postSolution
		{EEB77C04-4BD6-433D-9F6A-2ED4F96D44AB}.Debug|Any CPU.ActiveCfg = Debug|Any CPU
		{EEB77C04-4BD6-433D-9F6A-2ED4F96D44AB}.Debug|Any CPU.Build.0 = Debug|Any CPU
		{EEB77C04-4BD6-433D-9F6A-2ED4F96D44AB}.Release|Any CPU.ActiveCfg = Release|Any CPU
		{EEB77C04-4BD6-433D-9F6A-2ED4F96D44AB}.Release|Any CPU.Build.0 = Release|Any CPU
		{8F065DCA-819F-43D9-B1AE-CB9185BB979A}.Debug|Any CPU.ActiveCfg = Debug|Any CPU
		{8F065DCA-819F-43D9-B1AE-CB9185BB979A}.Debug|Any CPU.Build.0 = Debug|Any CPU
		{8F065DCA-819F-43D9-B1AE-CB9185BB979A}.Release|Any CPU.ActiveCfg = Release|Any CPU
		{8F065DCA-819F-43D9-B1AE-CB9185BB979A}.Release|Any CPU.Build.0 = Release|Any CPU
		{795A1945-C826-4D9C-9C64-C6FD6327FFD3}.Debug|Any CPU.ActiveCfg = Debug|Any CPU
		{795A1945-C826-4D9C-9C64-C6FD6327FFD3}.Debug|Any CPU.Build.0 = Debug|Any CPU
		{795A1945-C826-4D9C-9C64-C6FD6327FFD3}.Release|Any CPU.ActiveCfg = Release|Any CPU
		{795A1945-C826-4D9C-9C64-C6FD6327FFD3}.Release|Any CPU.Build.0 = Release|Any CPU
	EndGlobalSection
	GlobalSection(SolutionProperties) = preSolution
		HideSolutionNode = FALSE
	EndGlobalSection
	GlobalSection(ExtensibilityGlobals) = postSolution
		SolutionGuid = {F1F94790-93D0-4FC0-921D-EE8A2D9C6019}
	EndGlobalSection
EndGlobal
